# @generated - this file is auto-generated by `mise lock` https://mise.jdx.dev/dev-tools/mise-lock.html

[[tools."aqua:suzuki-shunsuke/pinact"]]
version = "5.0.0"
backend = "aqua:suzuki-shunsuke/pinact"

[tools."aqua:suzuki-shunsuke/pinact"."platforms.linux-arm64"]
checksum = "sha256:d28ca5e9ddd7950da4a808288f8a83f84fc3ca40e86bab970f3adeef33578c0b"
url = "https://github.com/suzuki-shunsuke/pinact/releases/download/v5.0.0/pinact_linux_arm64.tar.gz"
url_api = "https://api.github.com/repos/suzuki-shunsuke/pinact/releases/assets/558638070"
provenance = "github-attestations"

[tools."aqua:suzuki-shunsuke/pinact"."platforms.linux-arm64-musl"]
checksum = "sha256:d28ca5e9ddd7950da4a808288f8a83f84fc3ca40e86bab970f3adeef33578c0b"
url = "https://github.com/suzuki-shunsuke/pinact/releases/download/v5.0.0/pinact_linux_arm64.tar.gz"
url_api = "https://api.github.com/repos/suzuki-shunsuke/pinact/releases/assets/558638070"
provenance = "github-attestations"

[tools."aqua:suzuki-shunsuke/pinact"."platforms.linux-x64"]
checksum = "sha256:d005bbb85da80dacdc07816f24a5da723a9f6d1e9f3d3e7e73df33f9caa1358f"
url = "https://github.com/suzuki-shunsuke/pinact/releases/download/v5.0.0/pinact_linux_amd64.tar.gz"
url_api = "https://api.github.com/repos/suzuki-shunsuke/pinact/releases/assets/558638065"
provenance = "github-attestations"

[tools."aqua:suzuki-shunsuke/pinact"."platforms.linux-x64-musl"]
checksum = "sha256:d005bbb85da80dacdc07816f24a5da723a9f6d1e9f3d3e7e73df33f9caa1358f"
url = "https://github.com/suzuki-shunsuke/pinact/releases/download/v5.0.0/pinact_linux_amd64.tar.gz"
url_api = "https://api.github.com/repos/suzuki-shunsuke/pinact/releases/assets/558638065"
provenance = "github-attestations"

[tools."aqua:suzuki-shunsuke/pinact"."platforms.macos-arm64"]
checksum = "sha256:3437ebfc9db720e431e86fd03ed19173b88dcb80b0f177d11a892126108661b5"
url = "https://github.com/suzuki-shunsuke/pinact/releases/download/v5.0.0/pinact_darwin_arm64.tar.gz"
url_api = "https://api.github.com/repos/suzuki-shunsuke/pinact/releases/assets/558638064"
provenance = "github-attestations"

[tools."aqua:suzuki-shunsuke/pinact"."platforms.macos-x64"]
checksum = "sha256:da5532bd185a9d3a16a1f93774f835574e0c50bc74c2085b9917b9df3e9fbbaa"
url = "https://github.com/suzuki-shunsuke/pinact/releases/download/v5.0.0/pinact_darwin_amd64.tar.gz"
url_api = "https://api.github.com/repos/suzuki-shunsuke/pinact/releases/assets/558638050"
provenance = "github-attestations"

[tools."aqua:suzuki-shunsuke/pinact"."platforms.windows-x64"]
checksum = "sha256:df2f590f24c2bfe65a35010bffb4369ba0792c9afaf7fb324b2330895a37d19f"
url = "https://github.com/suzuki-shunsuke/pinact/releases/download/v5.0.0/pinact_windows_amd64.zip"
url_api = "https://api.github.com/repos/suzuki-shunsuke/pinact/releases/assets/558638100"
provenance = "github-attestations"

[[tools.node]]
version = "26.9.0"
backend = "core:node"

[tools.node."platforms.linux-arm64"]
checksum = "sha256:d5077591aa38b48d90bf9b3ac10da8d2f40dce289b20294913c58c19f153eb12"
url = "https://nodejs.org/dist/v26.9.0/node-v26.9.0-linux-arm64.tar.gz"

[tools.node."platforms.linux-arm64-musl"]
checksum = "sha256:b52b747e86ef6d18068f02f43f508a608358c974dc5da8ef270bc823ba4710ca"
url = "https://unofficial-builds.nodejs.org/download/release/v26.9.0/node-v26.9.0-linux-arm64-musl.tar.gz"

[tools.node."platforms.linux-x64"]
checksum = "sha256:03d9104fc4f19652e74480fed11c023d75981464b7292f21a601c3f95ce7d90d"
url = "https://nodejs.org/dist/v26.9.0/node-v26.9.0-linux-x64.tar.gz"

[tools.node."platforms.linux-x64-musl"]
checksum = "sha256:669dd67ec374f7315dbac9e119641d0e4f371519e00c4b692f1f81e7a04b747c"
url = "https://unofficial-builds.nodejs.org/download/release/v26.9.0/node-v26.9.0-linux-x64-musl.tar.gz"

[tools.node."platforms.macos-arm64"]
checksum = "sha256:6f3de7ed853ee283b4bf24b6e426618f1d357401ce5815db1866eb85eb4b05d9"
url = "https://nodejs.org/dist/v26.9.0/node-v26.9.0-darwin-arm64.tar.gz"

[tools.node."platforms.macos-x64"]
checksum = "sha256:06b2e742ed9025dc84adc830243b3f731956eac9c321bccd0ede384209af02a8"
url = "https://nodejs.org/dist/v26.9.0/node-v26.9.0-darwin-x64.tar.gz"

[tools.node."platforms.windows-x64"]
checksum = "sha256:c8af870b5b3e9789a6cbdb30270e7c212e12d76a7afa7fc7f21b6b21cc22a71b"
url = "https://nodejs.org/dist/v26.9.0/node-v26.9.0-win-x64.zip"

[[tools.pnpm]]
version = "11.27.0"
backend = "aqua:pnpm/pnpm"

[tools.pnpm."platforms.linux-arm64"]
checksum = "sha256:1f3c5dbdfe20b011ea86950b4fd61b5918cbde874c099032fe9064f7a53816bf"
url = "https://github.com/pnpm/pnpm/releases/download/v11.27.0/pnpm-linux-arm64.tar.gz"
url_api = "https://api.github.com/repos/pnpm/pnpm/releases/assets/559064653"
provenance = "github-attestations"

[tools.pnpm."platforms.linux-arm64-musl"]
checksum = "sha256:ee24db9e6beb2f7a8b40051e008dd4eae8d6feb4fc8d4d8447ed84a34bb7477c"
url = "https://github.com/pnpm/pnpm/releases/download/v11.27.0/pnpm-linux-arm64-musl.tar.gz"
url_api = "https://api.github.com/repos/pnpm/pnpm/releases/assets/559064657"
provenance = "github-attestations"

[tools.pnpm."platforms.linux-x64"]
checksum = "sha256:14ed04e631e4563abf3570dda1a365316683149a482b741a2db37e495f6b9cdb"
url = "https://github.com/pnpm/pnpm/releases/download/v11.27.0/pnpm-linux-x64.tar.gz"
url_api = "https://api.github.com/repos/pnpm/pnpm/releases/assets/559064655"
provenance = "github-attestations"

[tools.pnpm."platforms.linux-x64-musl"]
checksum = "sha256:27d5c9481f12fbb5dbcf85df5677b5bae1e164af1fe05a182481da6e5043cd07"
url = "https://github.com/pnpm/pnpm/releases/download/v11.27.0/pnpm-linux-x64-musl.tar.gz"
url_api = "https://api.github.com/repos/pnpm/pnpm/releases/assets/559064658"
provenance = "github-attestations"

[tools.pnpm."platforms.macos-arm64"]
checksum = "sha256:9e8724db1d733d651cfe9a55d6de3d59fc8c5e472b9b4e9c2844acafd38c015e"
url = "https://github.com/pnpm/pnpm/releases/download/v11.27.0/pnpm-darwin-arm64.tar.gz"
url_api = "https://api.github.com/repos/pnpm/pnpm/releases/assets/559064654"
provenance = "github-attestations"

[tools.pnpm."platforms.windows-x64"]
checksum = "sha256:fed6d7039f9379d446b9edebb7b9d6db79e5c336bc4a86bf854730ec6c7dd53a"
url = "https://github.com/pnpm/pnpm/releases/download/v11.27.0/pnpm-win32-x64.zip"
url_api = "https://api.github.com/repos/pnpm/pnpm/releases/assets/559064652"
provenance = "github-attestations"

[[tools.yq]]
version = "4.53.6"
backend = "aqua:mikefarah/yq"

[tools.yq."platforms.linux-arm64"]
checksum = "sha256:88a1016bc1d657375a35864e4f44b6f333df8ff97b559f51bba0adcb2169df09"
url = "https://github.com/mikefarah/yq/releases/download/v4.53.6/yq_linux_arm64"
url_api = "https://api.github.com/repos/mikefarah/yq/releases/assets/522028007"
provenance = "cosign"

[tools.yq."platforms.linux-arm64-musl"]
checksum = "sha256:88a1016bc1d657375a35864e4f44b6f333df8ff97b559f51bba0adcb2169df09"
url = "https://github.com/mikefarah/yq/releases/download/v4.53.6/yq_linux_arm64"
url_api = "https://api.github.com/repos/mikefarah/yq/releases/assets/522028007"
provenance = "cosign"

[tools.yq."platforms.linux-x64"]
checksum = "sha512:508f4ee34c6d093d136ff3c1b36db4105e686c3d68d435c064448ba16e2616d528efafb2cb0a1890b7724890373a226a38b7da27e6796396ee759bed39a8c671"
url = "https://github.com/mikefarah/yq/releases/download/v4.53.6/yq_linux_amd64"
url_api = "https://api.github.com/repos/mikefarah/yq/releases/assets/522028022"
provenance = "cosign"

[tools.yq."platforms.linux-x64-musl"]
checksum = "sha256:c5f056448f973ae7d39b5401949648a78f2dc1947d6a8eb65be60d5c504b9385"
url = "https://github.com/mikefarah/yq/releases/download/v4.53.6/yq_linux_amd64"
url_api = "https://api.github.com/repos/mikefarah/yq/releases/assets/522028022"
provenance = "cosign"

[tools.yq."platforms.macos-arm64"]
checksum = "sha256:cceb0b8d71ea5294334121f8429f33f92b920e7217d904a2f9f35443968ac424"
url = "https://github.com/mikefarah/yq/releases/download/v4.53.6/yq_darwin_arm64"
url_api = "https://api.github.com/repos/mikefarah/yq/releases/assets/522028033"
provenance = "cosign"

[tools.yq."platforms.macos-x64"]
checksum = "sha256:caa513cb04f3804b34d4752f0e0d7904fecb9e7cf1d34081289f83259319a7f6"
url = "https://github.com/mikefarah/yq/releases/download/v4.53.6/yq_darwin_amd64"
url_api = "https://api.github.com/repos/mikefarah/yq/releases/assets/522028031"
provenance = "cosign"

[tools.yq."platforms.windows-x64"]
checksum = "sha256:ece3dd8bb50d39f93610506273ea262feb91e5c486bbddbb10abf91b2a6c0f14"
url = "https://github.com/mikefarah/yq/releases/download/v4.53.6/yq_windows_amd64.exe"
url_api = "https://api.github.com/repos/mikefarah/yq/releases/assets/522027974"
provenance = "cosign"
